
Microsoft Visual Studio Solution File, Format Version 12.00
# Visual Studio Version 17
VisualStudioVersion = 17.7.34202.233
MinimumVisualStudioVersion = 10.0.40219.1
Project("{FAE04EC0-301F-11D3-BF4B-00C04F79EFBC}") = "Sistema_Hotel_Hospedagem", "Sistema_Hotel_Hospedagem\Sistema_Hotel_Hospedagem.csproj", "{00FA7322-5D3B-433C-B83D-8C2ECB683FF4}"
EndProject
Global
	GlobalSection(SolutionConfigurationPlatforms) = preSolution
		Debug|Any CPU = Debug|Any CPU
		Release|Any CPU = Release|Any CPU
	EndGlobalSection
	GlobalSection(ProjectConfigurationPlatforms) = postSolution
		{00FA7322-5D3B-433C-B83D-8C2ECB683FF4}.Debug|Any CPU.ActiveCfg = Debug|Any CPU
		{00FA7322-5D3B-433C-B83D-8C2ECB683FF4}.Debug|Any CPU.Build.0 = Debug|Any CPU
		{00FA7322-5D3B-433C-B83D-8C2ECB683FF4}.Release|Any CPU.ActiveCfg = Release|Any CPU
		{00FA7322-5D3B-433C-B83D-8C2ECB683FF4}.Release|Any CPU.Build.0 = Release|Any CPU
	EndGlobalSection
	GlobalSection(SolutionProperties) = preSolution
		HideSolutionNode = FALSE
	EndGlobalSection
	GlobalSection(ExtensibilityGlobals) = postSolution
		SolutionGuid = {7C9BCB39-C51B-4D7F-92EA-6E458B3F8489}
	EndGlobalSection
EndGlobal
